<Solution>
  <Project Path="RentACar.API/RentACar.API.csproj" />
  <Project Path="RentACar.Business/RentACar.Business.csproj" />
  <Project Path="RentACar.Core/RentACar.Core.csproj" Id="0578ae77-29a5-4155-98c6-447d772891e9" />
  <Project Path="RentACar.DataAccess/RentACar.DataAccess.csproj" />
  <Project Path="RentACar.Dtos/RentACar.Dtos.csproj" Id="fdad14a0-6d5e-4e67-85c8-09fa9ceba239" />
  <Project Path="RentACar.Entities/RentACar.Entities.csproj" />
  <Project Path="RentACar.MVC/RentACar.MVC.csproj" />
</Solution>
